// !$*UTF8*$!
{
	archiveVersion = 1;
	classes = {
	};
	objectVersion = 56;
	objects = {

/* Begin PBXBuildFile section */
		D9717D852AB435A100B98249 /* main.m in Sources */ = {isa = PBXBuildFile; fileRef = D9717D842AB435A100B98249 /* main.m */; };
		D9717D8D2AB4363A00B98249 /* PaymentGateway.m in Sources */ = {isa = PBXBuildFile; fileRef = D9717D8C2AB4363A00B98249 /* PaymentGateway.m */; };
		D9717D912AB4375100B98249 /* StripePaymentService.m in Sources */ = {isa = PBXBuildFile; fileRef = D9717D902AB4375100B98249 /* StripePaymentService.m */; };
		D9717D952AB4376E00B98249 /* PaypalPaymentService.m in Sources */ = {isa = PBXBuildFile; fileRef = D9717D942AB4376E00B98249 /* PaypalPaymentService.m */; };
		D9717D982AB4378200B98249 /* AmazonPaymentService.m in Sources */ = {isa = PBXBuildFile; fileRef = D9717D972AB4378200B98249 /* AmazonPaymentService.m */; };
		D9717D9B2AB44E3500B98249 /* ApplePaymentService.m in Sources */ = {isa = PBXBuildFile; fileRef = D9717D9A2AB44E3500B98249 /* ApplePaymentService.m */; };
/* End PBXBuildFile section */

/* Begin PBXCopyFilesBuildPhase section */
		D9717D7F2AB435A100B98249 /* CopyFiles */ = {
			isa = PBXCopyFilesBuildPhase;
			buildActionMask = 2147483647;
			dstPath = /usr/share/man/man1/;
			dstSubfolderSpec = 0;
			files = (
			);
			runOnlyForDeploymentPostprocessing = 1;
		};
/* End PBXCopyFilesBuildPhase section */

/* Begin PBXFileReference section */
		D9717D812AB435A100B98249 /* OBJ-C-LAB12 */ = {isa = PBXFileReference; explicitFileType = "compiled.mach-o.executable"; includeInIndex = 0; path = "OBJ-C-LAB12"; sourceTree = BUILT_PRODUCTS_DIR; };
		D9717D842AB435A100B98249 /* main.m */ = {isa = PBXFileReference; lastKnownFileType = sourcecode.c.objc; path = main.m; sourceTree = "<group>"; };
		D9717D8B2AB4363A00B98249 /* PaymentGateway.h */ = {isa = PBXFileReference; lastKnownFileType = sourcecode.c.h; path = PaymentGateway.h; sourceTree = "<group>"; };
		D9717D8C2AB4363A00B98249 /* PaymentGateway.m */ = {isa = PBXFileReference; lastKnownFileType = sourcecode.c.objc; path = PaymentGateway.m; sourceTree = "<group>"; };
		D9717D8E2AB436ED00B98249 /* PaymentDelegate.h */ = {isa = PBXFileReference; lastKnownFileType = sourcecode.c.h; path = PaymentDelegate.h; sourceTree = "<group>"; };
		D9717D8F2AB4375100B98249 /* StripePaymentService.h */ = {isa = PBXFileReference; lastKnownFileType = sourcecode.c.h; path = StripePaymentService.h; sourceTree = "<group>"; };
		D9717D902AB4375100B98249 /* StripePaymentService.m */ = {isa = PBXFileReference; lastKnownFileType = sourcecode.c.objc; path = StripePaymentService.m; sourceTree = "<group>"; };
		D9717D932AB4376E00B98249 /* PaypalPaymentService.h */ = {isa = PBXFileReference; lastKnownFileType = sourcecode.c.h; path = PaypalPaymentService.h; sourceTree = "<group>"; };
		D9717D942AB4376E00B98249 /* PaypalPaymentService.m */ = {isa = PBXFileReference; lastKnownFileType = sourcecode.c.objc; path = PaypalPaymentService.m; sourceTree = "<group>"; };
		D9717D962AB4378200B98249 /* AmazonPaymentService.h */ = {isa = PBXFileReference; lastKnownFileType = sourcecode.c.h; path = AmazonPaymentService.h; sourceTree = "<group>"; };
		D9717D972AB4378200B98249 /* AmazonPaymentService.m */ = {isa = PBXFileReference; lastKnownFileType = sourcecode.c.objc; path = AmazonPaymentService.m; sourceTree = "<group>"; };
		D9717D992AB44E3500B98249 /* ApplePaymentService.h */ = {isa = PBXFileReference; lastKnownFileType = sourcecode.c.h; path = ApplePaymentService.h; sourceTree = "<group>"; };
		D9717D9A2AB44E3500B98249 /* ApplePaymentService.m */ = {isa = PBXFileReference; lastKnownFileType = sourcecode.c.objc; path = ApplePaymentService.m; sourceTree = "<group>"; };
/* End PBXFileReference section */

/* Begin PBXFrameworksBuildPhase section */
		D9717D7E2AB435A100B98249 /* Frameworks */ = {
			isa = PBXFrameworksBuildPhase;
			buildActionMask = 2147483647;
			files = (
			);
			runOnlyForDeploymentPostprocessing = 0;
		};
/* End PBXFrameworksBuildPhase section */

/* Begin PBXGroup section */
		D9717D782AB435A100B98249 = {
			isa = PBXGroup;
			children = (
				D9717D832AB435A100B98249 /* OBJ-C-LAB12 */,
				D9717D822AB435A100B98249 /* Products */,
			);
			sourceTree = "<group>";
		};
		D9717D822AB435A100B98249 /* Products */ = {
			isa = PBXGroup;
			children = (
				D9717D812AB435A100B98249 /* OBJ-C-LAB12 */,
			);
			name = Products;
			sourceTree = "<group>";
		};
		D9717D832AB435A100B98249 /* OBJ-C-LAB12 */ = {
			isa = PBXGroup;
			children = (
				D9717D842AB435A100B98249 /* main.m */,
				D9717D8B2AB4363A00B98249 /* PaymentGateway.h */,
				D9717D8C2AB4363A00B98249 /* PaymentGateway.m */,
				D9717D8E2AB436ED00B98249 /* PaymentDelegate.h */,
				D9717D8F2AB4375100B98249 /* StripePaymentService.h */,
				D9717D902AB4375100B98249 /* StripePaymentService.m */,
				D9717D932AB4376E00B98249 /* PaypalPaymentService.h */,
				D9717D942AB4376E00B98249 /* PaypalPaymentService.m */,
				D9717D962AB4378200B98249 /* AmazonPaymentService.h */,
				D9717D972AB4378200B98249 /* AmazonPaymentService.m */,
				D9717D992AB44E3500B98249 /* ApplePaymentService.h */,
				D9717D9A2AB44E3500B98249 /* ApplePaymentService.m */,
			);
			path = "OBJ-C-LAB12";
			sourceTree = "<group>";
		};
/* End PBXGroup section */

/* Begin PBXNativeTarget section */
		D9717D802AB435A100B98249 /* OBJ-C-LAB12 */ = {
			isa = PBXNativeTarget;
			buildConfigurationList = D9717D882AB435A100B98249 /* Build configuration list for PBXNativeTarget "OBJ-C-LAB12" */;
			buildPhases = (
				D9717D7D2AB435A100B98249 /* Sources */,
				D9717D7E2AB435A100B98249 /* Frameworks */,
				D9717D7F2AB435A100B98249 /* CopyFiles */,
			);
			buildRules = (
			);
			dependencies = (
			);
			name = "OBJ-C-LAB12";
			productName = "OBJ-C-LAB12";
			productReference = D9717D812AB435A100B98249 /* OBJ-C-LAB12 */;
			productType = "com.apple.product-type.tool";
		};
/* End PBXNativeTarget section */

/* Begin PBXProject section */
		D9717D792AB435A100B98249 /* Project object */ = {
			isa = PBXProject;
			attributes = {
				BuildIndependentTargetsInParallel = 1;
				LastUpgradeCheck = 1430;
				TargetAttributes = {
					D9717D802AB435A100B98249 = {
						CreatedOnToolsVersion = 14.3.1;
					};
				};
			};
			buildConfigurationList = D9717D7C2AB435A100B98249 /* Build configuration list for PBXProject "OBJ-C-LAB12" */;
			compatibilityVersion = "Xcode 14.0";
			developmentRegion = en;
			hasScannedForEncodings = 0;
			knownRegions = (
				en,
				Base,
			);
			mainGroup = D9717D782AB435A100B98249;
			productRefGroup = D9717D822AB435A100B98249 /* Products */;
			projectDirPath = "";
			projectRoot = "";
			targets = (
				D9717D802AB435A100B98249 /* OBJ-C-LAB12 */,
			);
		};
/* End PBXProject section */

/* Begin PBXSourcesBuildPhase section */
		D9717D7D2AB435A100B98249 /* Sources */ = {
			isa = PBXSourcesBuildPhase;
			buildActionMask = 2147483647;
			files = (
				D9717D852AB435A100B98249 /* main.m in Sources */,
				D9717D982AB4378200B98249 /* AmazonPaymentService.m in Sources */,
				D9717D912AB4375100B98249 /* StripePaymentService.m in Sources */,
				D9717D9B2AB44E3500B98249 /* ApplePaymentService.m in Sources */,
				D9717D8D2AB4363A00B98249 /* PaymentGateway.m in Sources */,
				D9717D952AB4376E00B98249 /* PaypalPaymentService.m in Sources */,
			);
			runOnlyForDeploymentPostprocessing = 0;
		};
/* End PBXSourcesBuildPhase section */

/* Begin XCBuildConfiguration section */
		D9717D862AB435A100B98249 /* Debug */ = {
			isa = XCBuildConfiguration;
			buildSettings = {
				ALWAYS_SEARCH_USER_PATHS = NO;
				CLANG_ANALYZER_NONNULL = YES;
				CLANG_ANALYZER_NUMBER_OBJECT_CONVERSION = YES_AGGRESSIVE;
				CLANG_CXX_LANGUAGE_STANDARD = "gnu++20";
				CLANG_ENABLE_MODULES = YES;
				CLANG_ENABLE_OBJC_ARC = YES;
				CLANG_ENABLE_OBJC_WEAK = YES;
				CLANG_WARN_BLOCK_CAPTURE_AUTORELEASING = YES;
				CLANG_WARN_BOOL_CONVERSION = YES;
				CLANG_WARN_COMMA = YES;
				CLANG_WARN_CONSTANT_CONVERSION = YES;
				CLANG_WARN_DEPRECATED_OBJC_IMPLEMENTATIONS = YES;
				CLANG_WARN_DIRECT_OBJC_ISA_USAGE = YES_ERROR;
				CLANG_WARN_DOCUMENTATION_COMMENTS = YES;
				CLANG_WARN_EMPTY_BODY = YES;
				CLANG_WARN_ENUM_CONVERSION = YES;
				CLANG_WARN_INFINITE_RECURSION = YES;
				CLANG_WARN_INT_CONVERSION = YES;
				CLANG_WARN_NON_LITERAL_NULL_CONVERSION = YES;
				CLANG_WARN_OBJC_IMPLICIT_RETAIN_SELF = YES;
				CLANG_WARN_OBJC_LITERAL_CONVERSION = YES;
				CLANG_WARN_OBJC_ROOT_CLASS = YES_ERROR;
				CLANG_WARN_QUOTED_INCLUDE_IN_FRAMEWORK_HEADER = YES;
				CLANG_WARN_RANGE_LOOP_ANALYSIS = YES;
				CLANG_WARN_STRICT_PROTOTYPES = YES;
				CLANG_WARN_SUSPICIOUS_MOVE = YES;
				CLANG_WARN_UNGUARDED_AVAILABILITY = YES_AGGRESSIVE;
				CLANG_WARN_UNREACHABLE_CODE = YES;
				CLANG_WARN__DUPLICATE_METHOD_MATCH = YES;
				COPY_PHASE_STRIP = NO;
				DEBUG_INFORMATION_FORMAT = dwarf;
				ENABLE_STRICT_OBJC_MSGSEND = YES;
				ENABLE_TESTABILITY = YES;
				GCC_C_LANGUAGE_STANDARD = gnu11;
				GCC_DYNAMIC_NO_PIC = NO;
				GCC_NO_COMMON_BLOCKS = YES;
				GCC_OPTIMIZATION_LEVEL = 0;
				GCC_PREPROCESSOR_DEFINITIONS = (
					"DEBUG=1",
					"$(inherited)",
				);
				GCC_WARN_64_TO_32_BIT_CONVERSION = YES;
				GCC_WARN_ABOUT_RETURN_TYPE = YES_ERROR;
				GCC_WARN_UNDECLARED_SELECTOR = YES;
				GCC_WARN_UNINITIALIZED_AUTOS = YES_AGGRESSIVE;
				GCC_WARN_UNUSED_FUNCTION = YES;
				GCC_WARN_UNUSED_VARIABLE = YES;
				MACOSX_DEPLOYMENT_TARGET = 13.3;
				MTL_ENABLE_DEBUG_INFO = INCLUDE_SOURCE;
				MTL_FAST_MATH = YES;
				ONLY_ACTIVE_ARCH = YES;
				SDKROOT = macosx;
			};
			name = Debug;
		};
		D9717D872AB435A100B98249 /* Release */ = {
			isa = XCBuildConfiguration;
			buildSettings = {
				ALWAYS_SEARCH_USER_PATHS = NO;
				CLANG_ANALYZER_NONNULL = YES;
				CLANG_ANALYZER_NUMBER_OBJECT_CONVERSION = YES_AGGRESSIVE;
				CLANG_CXX_LANGUAGE_STANDARD = "gnu++20";
				CLANG_ENABLE_MODULES = YES;
				CLANG_ENABLE_OBJC_ARC = YES;
				CLANG_ENABLE_OBJC_WEAK = YES;
				CLANG_WARN_BLOCK_CAPTURE_AUTORELEASING = YES;
				CLANG_WARN_BOOL_CONVERSION = YES;
				CLANG_WARN_COMMA = YES;
				CLANG_WARN_CONSTANT_CONVERSION = YES;
				CLANG_WARN_DEPRECATED_OBJC_IMPLEMENTATIONS = YES;
				CLANG_WARN_DIRECT_OBJC_ISA_USAGE = YES_ERROR;
				CLANG_WARN_DOCUMENTATION_COMMENTS = YES;
				CLANG_WARN_EMPTY_BODY = YES;
				CLANG_WARN_ENUM_CONVERSION = YES;
				CLANG_WARN_INFINITE_RECURSION = YES;
				CLANG_WARN_INT_CONVERSION = YES;
				CLANG_WARN_NON_LITERAL_NULL_CONVERSION = YES;
				CLANG_WARN_OBJC_IMPLICIT_RETAIN_SELF = YES;
				CLANG_WARN_OBJC_LITERAL_CONVERSION = YES;
				CLANG_WARN_OBJC_ROOT_CLASS = YES_ERROR;
				CLANG_WARN_QUOTED_INCLUDE_IN_FRAMEWORK_HEADER = YES;
				CLANG_WARN_RANGE_LOOP_ANALYSIS = YES;
				CLANG_WARN_STRICT_PROTOTYPES = YES;
				CLANG_WARN_SUSPICIOUS_MOVE = YES;
				CLANG_WARN_UNGUARDED_AVAILABILITY = YES_AGGRESSIVE;
				CLANG_WARN_UNREACHABLE_CODE = YES;
				CLANG_WARN__DUPLICATE_METHOD_MATCH = YES;
				COPY_PHASE_STRIP = NO;
				DEBUG_INFORMATION_FORMAT = "dwarf-with-dsym";
				ENABLE_NS_ASSERTIONS = NO;
				ENABLE_STRICT_OBJC_MSGSEND = YES;
				GCC_C_LANGUAGE_STANDARD = gnu11;
				GCC_NO_COMMON_BLOCKS = YES;
				GCC_WARN_64_TO_32_BIT_CONVERSION = YES;
				GCC_WARN_ABOUT_RETURN_TYPE = YES_ERROR;
				GCC_WARN_UNDECLARED_SELECTOR = YES;
				GCC_WARN_UNINITIALIZED_AUTOS = YES_AGGRESSIVE;
				GCC_WARN_UNUSED_FUNCTION = YES;
				GCC_WARN_UNUSED_VARIABLE = YES;
				MACOSX_DEPLOYMENT_TARGET = 13.3;
				MTL_ENABLE_DEBUG_INFO = NO;
				MTL_FAST_MATH = YES;
				SDKROOT = macosx;
			};
			name = Release;
		};
		D9717D892AB435A100B98249 /* Debug */ = {
			isa = XCBuildConfiguration;
			buildSettings = {
				CODE_SIGN_STYLE = Automatic;
				DEVELOPMENT_TEAM = KMRDP9Z3DS;
				ENABLE_HARDENED_RUNTIME = YES;
				PRODUCT_NAME = "$(TARGET_NAME)";
			};
			name = Debug;
		};
		D9717D8A2AB435A100B98249 /* Release */ = {
			isa = XCBuildConfiguration;
			buildSettings = {
				CODE_SIGN_STYLE = Automatic;
				DEVELOPMENT_TEAM = KMRDP9Z3DS;
				ENABLE_HARDENED_RUNTIME = YES;
				PRODUCT_NAME = "$(TARGET_NAME)";
			};
			name = Release;
		};
/* End XCBuildConfiguration section */

/* Begin XCConfigurationList section */
		D9717D7C2AB435A100B98249 /* Build configuration list for PBXProject "OBJ-C-LAB12" */ = {
			isa = XCConfigurationList;
			buildConfigurations = (
				D9717D862AB435A100B98249 /* Debug */,
				D9717D872AB435A100B98249 /* Release */,
			);
			defaultConfigurationIsVisible = 0;
			defaultConfigurationName = Release;
		};
		D9717D882AB435A100B98249 /* Build configuration list for PBXNativeTarget "OBJ-C-LAB12" */ = {
			isa = XCConfigurationList;
			buildConfigurations = (
				D9717D892AB435A100B98249 /* Debug */,
				D9717D8A2AB435A100B98249 /* Release */,
			);
			defaultConfigurationIsVisible = 0;
			defaultConfigurationName = Release;
		};
/* End XCConfigurationList section */
	};
	rootObject = D9717D792AB435A100B98249 /* Project object */;
}
